
Microsoft Visual Studio Solution File, Format Version 12.00
# Visual Studio 14
VisualStudioVersion = 14.0.23107.0
MinimumVisualStudioVersion = 10.0.40219.1
Project("{FAE04EC0-301F-11D3-BF4B-00C04F79EFBC}") = "EngX0309", "EngX0309\EngX0309.csproj", "{96D380F2-4B5A-49C0-B6D8-5A60BE015B67}"
EndProject
Project("{FAE04EC0-301F-11D3-BF4B-00C04F79EFBC}") = "EngX0309Tests", "EngX0309Tests\EngX0309Tests.csproj", "{5DA45E5B-B865-4E53-BA4E-0EC37D76B88B}"
EndProject
Global
	GlobalSection(SolutionConfigurationPlatforms) = preSolution
		Debug|Any CPU = Debug|Any CPU
		Release|Any CPU = Release|Any CPU
	EndGlobalSection
	GlobalSection(ProjectConfigurationPlatforms) = postSolution
		{96D380F2-4B5A-49C0-B6D8-5A60BE015B67}.Debug|Any CPU.ActiveCfg = Debug|Any CPU
		{96D380F2-4B5A-49C0-B6D8-5A60BE015B67}.Debug|Any CPU.Build.0 = Debug|Any CPU
		{96D380F2-4B5A-49C0-B6D8-5A60BE015B67}.Release|Any CPU.ActiveCfg = Release|Any CPU
		{96D380F2-4B5A-49C0-B6D8-5A60BE015B67}.Release|Any CPU.Build.0 = Release|Any CPU
		{5DA45E5B-B865-4E53-BA4E-0EC37D76B88B}.Debug|Any CPU.ActiveCfg = Debug|Any CPU
		{5DA45E5B-B865-4E53-BA4E-0EC37D76B88B}.Debug|Any CPU.Build.0 = Debug|Any CPU
		{5DA45E5B-B865-4E53-BA4E-0EC37D76B88B}.Release|Any CPU.ActiveCfg = Release|Any CPU
		{5DA45E5B-B865-4E53-BA4E-0EC37D76B88B}.Release|Any CPU.Build.0 = Release|Any CPU
	EndGlobalSection
	GlobalSection(SolutionProperties) = preSolution
		HideSolutionNode = FALSE
	EndGlobalSection
EndGlobal
